
Microsoft Visual Studio Solution File, Format Version 12.00
# Visual Studio Version 17
VisualStudioVersion = 17.4.33110.190
MinimumVisualStudioVersion = 10.0.40219.1
Project("{9A19103F-16F7-4668-BE54-9A1E7A4F7556}") = "UserRegistration1", "UserRegistration1\UserRegistration1.csproj", "{FECA7A9D-B8D0-433E-8CE5-6B154C20C771}"
EndProject
Project("{FAE04EC0-301F-11D3-BF4B-00C04F79EFBC}") = "EmailCheck", "EmailCheck\EmailCheck.csproj", "{0E55E5D4-AC0A-4478-9C0A-67511B18020C}"
EndProject
Global
	GlobalSection(SolutionConfigurationPlatforms) = preSolution
		Debug|Any CPU = Debug|Any CPU
		Release|Any CPU = Release|Any CPU
	EndGlobalSection
	GlobalSection(ProjectConfigurationPlatforms) = postSolution
		{FECA7A9D-B8D0-433E-8CE5-6B154C20C771}.Debug|Any CPU.ActiveCfg = Debug|Any CPU
		{FECA7A9D-B8D0-433E-8CE5-6B154C20C771}.Debug|Any CPU.Build.0 = Debug|Any CPU
		{FECA7A9D-B8D0-433E-8CE5-6B154C20C771}.Release|Any CPU.ActiveCfg = Release|Any CPU
		{FECA7A9D-B8D0-433E-8CE5-6B154C20C771}.Release|Any CPU.Build.0 = Release|Any CPU
		{0E55E5D4-AC0A-4478-9C0A-67511B18020C}.Debug|Any CPU.ActiveCfg = Debug|Any CPU
		{0E55E5D4-AC0A-4478-9C0A-67511B18020C}.Debug|Any CPU.Build.0 = Debug|Any CPU
		{0E55E5D4-AC0A-4478-9C0A-67511B18020C}.Release|Any CPU.ActiveCfg = Release|Any CPU
		{0E55E5D4-AC0A-4478-9C0A-67511B18020C}.Release|Any CPU.Build.0 = Release|Any CPU
	EndGlobalSection
	GlobalSection(SolutionProperties) = preSolution
		HideSolutionNode = FALSE
	EndGlobalSection
	GlobalSection(ExtensibilityGlobals) = postSolution
		SolutionGuid = {51D89FEA-4573-4102-8626-B307D9E14E26}
	EndGlobalSection
EndGlobal
